<?xml version="1.0" encoding="utf-8"?>
<Project ToolsVersion="4.0" xmlns="http://schemas.microsoft.com/developer/msbuild/2003">
  <ItemGroup>
    <Filter Include="소스 파일">
      <UniqueIdentifier>{4FC737F1-C7A5-4376-A066-2A32D752A2FF}</UniqueIdentifier>
      <Extensions>cpp;c;cc;cxx;def;odl;idl;hpj;bat;asm;asmx</Extensions>
    </Filter>
    <Filter Include="헤더 파일">
      <UniqueIdentifier>{93995380-89BD-4b04-88EB-625FBE52EBFB}</UniqueIdentifier>
      <Extensions>h;hh;hpp;hxx;hm;inl;inc;ipp;xsd</Extensions>
    </Filter>
    <Filter Include="리소스 파일">
      <UniqueIdentifier>{67DA6AB6-F800-4c08-8B7A-83BB121AAD01}</UniqueIdentifier>
      <Extensions>rc;ico;cur;bmp;dlg;rc2;rct;bin;rgs;gif;jpg;jpeg;jpe;resx;tiff;tif;png;wav;mfcribbon-ms</Extensions>
    </Filter>
    <Filter Include="소스 파일\Object">
      <UniqueIdentifier>{48b12c2d-209c-4521-853d-4b1b8104c710}</UniqueIdentifier>
    </Filter>
    <Filter Include="소스 파일\Window">
      <UniqueIdentifier>{f3eb553e-89e2-4958-b438-59e4af78cd37}</UniqueIdentifier>
    </Filter>
    <Filter Include="소스 파일\Window\Scene">
      <UniqueIdentifier>{d7139dba-365e-4d02-9978-818a9a913e7e}</UniqueIdentifier>
    </Filter>
    <Filter Include="소스 파일\Controller">
      <UniqueIdentifier>{8cc5dacb-217b-4160-88b1-374d13271134}</UniqueIdentifier>
    </Filter>
    <Filter Include="소스 파일\Shader">
      <UniqueIdentifier>{6fef3ad9-0dbd-4c35-86d4-1185c625ecf5}</UniqueIdentifier>
    </Filter>
    <Filter Include="소스 파일\Sprite">
      <UniqueIdentifier>{70982fd1-c6b5-4370-9f40-183b630ad57b}</UniqueIdentifier>
    </Filter>
    <Filter Include="소스 파일\Object\Camera">
      <UniqueIdentifier>{c53876a8-81f4-4eb1-882d-15b93a9b0e2a}</UniqueIdentifier>
    </Filter>
    <Filter Include="헤더 파일\Controller">
      <UniqueIdentifier>{44c3eb99-6f87-4789-8f33-e65b7bc3ad98}</UniqueIdentifier>
    </Filter>
    <Filter Include="헤더 파일\Lib">
      <UniqueIdentifier>{6b4ef1f6-58ee-4c2e-8b8c-f03da8afa488}</UniqueIdentifier>
    </Filter>
    <Filter Include="헤더 파일\Object">
      <UniqueIdentifier>{82abc370-ac76-4dd7-8de2-fcf8e40db093}</UniqueIdentifier>
    </Filter>
    <Filter Include="헤더 파일\Shader">
      <UniqueIdentifier>{6f6901c5-e2f0-40a3-ac73-b50e6fe2c929}</UniqueIdentifier>
    </Filter>
    <Filter Include="헤더 파일\Sprite">
      <UniqueIdentifier>{42c21832-bc49-458b-8ada-04bf56cccc9d}</UniqueIdentifier>
    </Filter>
    <Filter Include="헤더 파일\Window">
      <UniqueIdentifier>{4441c7d4-38e2-4e56-a142-fe8fda3a8472}</UniqueIdentifier>
    </Filter>
    <Filter Include="헤더 파일\Object\Camera">
      <UniqueIdentifier>{90eded81-0c3b-4083-8521-fe578b37fcb5}</UniqueIdentifier>
    </Filter>
    <Filter Include="헤더 파일\Window\Scene">
      <UniqueIdentifier>{d46eafbf-97a3-443d-bbb1-7dd17e8c6082}</UniqueIdentifier>
    </Filter>
    <Filter Include="소스 파일\Object\Gameobject">
      <UniqueIdentifier>{03b2bce2-5456-4d89-97dc-710e039d8783}</UniqueIdentifier>
    </Filter>
    <Filter Include="헤더 파일\Object\Gameobject">
      <UniqueIdentifier>{5c5553a4-c8b0-42d0-ad8e-b112919cd511}</UniqueIdentifier>
    </Filter>
    <Filter Include="소스 파일\Timer">
      <UniqueIdentifier>{67cf6817-4ad2-4da4-a03a-0eece0c08fa4}</UniqueIdentifier>
    </Filter>
    <Filter Include="헤더 파일\Timer">
      <UniqueIdentifier>{46987c99-b473-49fe-b4f5-8e250b495552}</UniqueIdentifier>
    </Filter>
  </ItemGroup>
  <ItemGroup>
    <ClCompile Include="main.cpp">
      <Filter>소스 파일</Filter>
    </ClCompile>
    <ClCompile Include="Camera.cpp">
      <Filter>소스 파일\Object\Camera</Filter>
    </ClCompile>
    <ClCompile Include="Scene.cpp">
      <Filter>소스 파일\Window\Scene</Filter>
    </ClCompile>
    <ClCompile Include="Window.cpp">
      <Filter>소스 파일\Window</Filter>
    </ClCompile>
    <ClCompile Include="control.cpp">
      <Filter>소스 파일\Controller</Filter>
    </ClCompile>
    <ClCompile Include="shader.cpp">
      <Filter>소스 파일\Shader</Filter>
    </ClCompile>
    <ClCompile Include="Vertex_data.cpp">
      <Filter>소스 파일\Sprite</Filter>
    </ClCompile>
    <ClCompile Include="Input_check.cpp">
      <Filter>소스 파일\Controller</Filter>
    </ClCompile>
    <ClCompile Include="BaseObject.cpp">
      <Filter>소스 파일\Object</Filter>
    </ClCompile>
    <ClCompile Include="object.cpp">
      <Filter>소스 파일\Object\Gameobject</Filter>
    </ClCompile>
    <ClCompile Include="Timer.cpp">
      <Filter>소스 파일\Timer</Filter>
    </ClCompile>
  </ItemGroup>
  <ItemGroup>
    <ClInclude Include="Camera.h">
      <Filter>헤더 파일\Object\Camera</Filter>
    </ClInclude>
    <ClInclude Include="control.h">
      <Filter>헤더 파일\Controller</Filter>
    </ClInclude>
    <ClInclude Include="linmath.h">
      <Filter>헤더 파일\Lib</Filter>
    </ClInclude>
    <ClInclude Include="Scene.h">
      <Filter>헤더 파일\Window\Scene</Filter>
    </ClInclude>
    <ClInclude Include="Shader.h">
      <Filter>헤더 파일\Shader</Filter>
    </ClInclude>
    <ClInclude Include="Vertex_data.h">
      <Filter>헤더 파일\Sprite</Filter>
    </ClInclude>
    <ClInclude Include="Window.h">
      <Filter>헤더 파일\Window</Filter>
    </ClInclude>
    <ClInclude Include="Input_check.h">
      <Filter>헤더 파일\Controller</Filter>
    </ClInclude>
    <ClInclude Include="object.h">
      <Filter>헤더 파일\Object\Gameobject</Filter>
    </ClInclude>
    <ClInclude Include="BaseObject.h">
      <Filter>헤더 파일\Object</Filter>
    </ClInclude>
    <ClInclude Include="Timer.h">
      <Filter>헤더 파일\Timer</Filter>
    </ClInclude>
  </ItemGroup>
  <ItemGroup>
    <Text Include="..\..\openGL_test\openGL_test\SimpleFragmentShader.txt">
      <Filter>리소스 파일</Filter>
    </Text>
    <Text Include="..\..\openGL_test\openGL_test\SimpleVertexShader.txt">
      <Filter>리소스 파일</Filter>
    </Text>
  </ItemGroup>
</Project>